// !$*UTF8*$!
{
	archiveVersion = 1;
	classes = {
	};
	objectVersion = 50;
	objects = {

/* Begin PBXBuildFile section */
		C9BC0883222CEE8C0025F2A5 /* AppDelegate.swift in Sources */ = {isa = PBXBuildFile; fileRef = C9BC0882222CEE8C0025F2A5 /* AppDelegate.swift */; };
		C9BC0888222CEE8C0025F2A5 /* Main.storyboard in Resources */ = {isa = PBXBuildFile; fileRef = C9BC0886222CEE8C0025F2A5 /* Main.storyboard */; };
		C9BC088A222CEE8F0025F2A5 /* Assets.xcassets in Resources */ = {isa = PBXBuildFile; fileRef = C9BC0889222CEE8F0025F2A5 /* Assets.xcassets */; };
		C9BC088D222CEE8F0025F2A5 /* LaunchScreen.storyboard in Resources */ = {isa = PBXBuildFile; fileRef = C9BC088B222CEE8F0025F2A5 /* LaunchScreen.storyboard */; };
		C9BC0898222CF7EE0025F2A5 /* SearchController.swift in Sources */ = {isa = PBXBuildFile; fileRef = C9BC0897222CF7EE0025F2A5 /* SearchController.swift */; };
		C9BC089A222CF8060025F2A5 /* UploadController.swift in Sources */ = {isa = PBXBuildFile; fileRef = C9BC0899222CF8060025F2A5 /* UploadController.swift */; };
		C9BC089C222CF8190025F2A5 /* ProfileController.swift in Sources */ = {isa = PBXBuildFile; fileRef = C9BC089B222CF8190025F2A5 /* ProfileController.swift */; };
		C9BC089E222CF83B0025F2A5 /* PictureViewController.swift in Sources */ = {isa = PBXBuildFile; fileRef = C9BC089D222CF83B0025F2A5 /* PictureViewController.swift */; };
		C9BC08A0222CF8470025F2A5 /* ARViewController.swift in Sources */ = {isa = PBXBuildFile; fileRef = C9BC089F222CF8470025F2A5 /* ARViewController.swift */; };
		C9BC08A222308A3C0025F2A5 /* PurchaseController.swift in Sources */ = {isa = PBXBuildFile; fileRef = C9BC08A122308A3C0025F2A5 /* PurchaseController.swift */; };
/* End PBXBuildFile section */

/* Begin PBXFileReference section */
		C9BC087F222CEE8C0025F2A5 /* Augma.app */ = {isa = PBXFileReference; explicitFileType = wrapper.application; includeInIndex = 0; path = Augma.app; sourceTree = BUILT_PRODUCTS_DIR; };
		C9BC0882222CEE8C0025F2A5 /* AppDelegate.swift */ = {isa = PBXFileReference; lastKnownFileType = sourcecode.swift; path = AppDelegate.swift; sourceTree = "<group>"; };
		C9BC0887222CEE8C0025F2A5 /* Base */ = {isa = PBXFileReference; lastKnownFileType = file.storyboard; name = Base; path = Base.lproj/Main.storyboard; sourceTree = "<group>"; };
		C9BC0889222CEE8F0025F2A5 /* Assets.xcassets */ = {isa = PBXFileReference; lastKnownFileType = folder.assetcatalog; path = Assets.xcassets; sourceTree = "<group>"; };
		C9BC088C222CEE8F0025F2A5 /* Base */ = {isa = PBXFileReference; lastKnownFileType = file.storyboard; name = Base; path = Base.lproj/LaunchScreen.storyboard; sourceTree = "<group>"; };
		C9BC088E222CEE8F0025F2A5 /* Info.plist */ = {isa = PBXFileReference; lastKnownFileType = text.plist.xml; path = Info.plist; sourceTree = "<group>"; };
		C9BC0897222CF7EE0025F2A5 /* SearchController.swift */ = {isa = PBXFileReference; lastKnownFileType = sourcecode.swift; path = SearchController.swift; sourceTree = "<group>"; };
		C9BC0899222CF8060025F2A5 /* UploadController.swift */ = {isa = PBXFileReference; lastKnownFileType = sourcecode.swift; path = UploadController.swift; sourceTree = "<group>"; };
		C9BC089B222CF8190025F2A5 /* ProfileController.swift */ = {isa = PBXFileReference; lastKnownFileType = sourcecode.swift; path = ProfileController.swift; sourceTree = "<group>"; };
		C9BC089D222CF83B0025F2A5 /* PictureViewController.swift */ = {isa = PBXFileReference; lastKnownFileType = sourcecode.swift; path = PictureViewController.swift; sourceTree = "<group>"; };
		C9BC089F222CF8470025F2A5 /* ARViewController.swift */ = {isa = PBXFileReference; lastKnownFileType = sourcecode.swift; path = ARViewController.swift; sourceTree = "<group>"; };
		C9BC08A122308A3C0025F2A5 /* PurchaseController.swift */ = {isa = PBXFileReference; lastKnownFileType = sourcecode.swift; path = PurchaseController.swift; sourceTree = "<group>"; };
/* End PBXFileReference section */

/* Begin PBXFrameworksBuildPhase section */
		C9BC087C222CEE8C0025F2A5 /* Frameworks */ = {
			isa = PBXFrameworksBuildPhase;
			buildActionMask = 2147483647;
			files = (
			);
			runOnlyForDeploymentPostprocessing = 0;
		};
/* End PBXFrameworksBuildPhase section */

/* Begin PBXGroup section */
		C9BC0876222CEE8C0025F2A5 = {
			isa = PBXGroup;
			children = (
				C9BC0881222CEE8C0025F2A5 /* Augma */,
				C9BC0880222CEE8C0025F2A5 /* Products */,
			);
			sourceTree = "<group>";
		};
		C9BC0880222CEE8C0025F2A5 /* Products */ = {
			isa = PBXGroup;
			children = (
				C9BC087F222CEE8C0025F2A5 /* Augma.app */,
			);
			name = Products;
			sourceTree = "<group>";
		};
		C9BC0881222CEE8C0025F2A5 /* Augma */ = {
			isa = PBXGroup;
			children = (
				C9BC0894222CF7D00025F2A5 /* View Controllers */,
				C9BC0882222CEE8C0025F2A5 /* AppDelegate.swift */,
				C9BC0886222CEE8C0025F2A5 /* Main.storyboard */,
				C9BC0889222CEE8F0025F2A5 /* Assets.xcassets */,
				C9BC088B222CEE8F0025F2A5 /* LaunchScreen.storyboard */,
				C9BC088E222CEE8F0025F2A5 /* Info.plist */,
			);
			path = Augma;
			sourceTree = "<group>";
		};
		C9BC0894222CF7D00025F2A5 /* View Controllers */ = {
			isa = PBXGroup;
			children = (
				C9BC0897222CF7EE0025F2A5 /* SearchController.swift */,
				C9BC0899222CF8060025F2A5 /* UploadController.swift */,
				C9BC089B222CF8190025F2A5 /* ProfileController.swift */,
				C9BC089D222CF83B0025F2A5 /* PictureViewController.swift */,
				C9BC089F222CF8470025F2A5 /* ARViewController.swift */,
				C9BC08A122308A3C0025F2A5 /* PurchaseController.swift */,
			);
			path = "View Controllers";
			sourceTree = "<group>";
		};
/* End PBXGroup section */

/* Begin PBXNativeTarget section */
		C9BC087E222CEE8C0025F2A5 /* Augma */ = {
			isa = PBXNativeTarget;
			buildConfigurationList = C9BC0891222CEE8F0025F2A5 /* Build configuration list for PBXNativeTarget "Augma" */;
			buildPhases = (
				C9BC087B222CEE8C0025F2A5 /* Sources */,
				C9BC087C222CEE8C0025F2A5 /* Frameworks */,
				C9BC087D222CEE8C0025F2A5 /* Resources */,
			);
			buildRules = (
			);
			dependencies = (
			);
			name = Augma;
			productName = Augma;
			productReference = C9BC087F222CEE8C0025F2A5 /* Augma.app */;
			productType = "com.apple.product-type.application";
		};
/* End PBXNativeTarget section */

/* Begin PBXProject section */
		C9BC0877222CEE8C0025F2A5 /* Project object */ = {
			isa = PBXProject;
			attributes = {
				LastSwiftUpdateCheck = 1010;
				LastUpgradeCheck = 1010;
				ORGANIZATIONNAME = "Chase Carnaroli";
				TargetAttributes = {
					C9BC087E222CEE8C0025F2A5 = {
						CreatedOnToolsVersion = 10.1;
					};
				};
			};
			buildConfigurationList = C9BC087A222CEE8C0025F2A5 /* Build configuration list for PBXProject "Augma" */;
			compatibilityVersion = "Xcode 9.3";
			developmentRegion = en;
			hasScannedForEncodings = 0;
			knownRegions = (
				en,
				Base,
			);
			mainGroup = C9BC0876222CEE8C0025F2A5;
			productRefGroup = C9BC0880222CEE8C0025F2A5 /* Products */;
			projectDirPath = "";
			projectRoot = "";
			targets = (
				C9BC087E222CEE8C0025F2A5 /* Augma */,
			);
		};
/* End PBXProject section */

/* Begin PBXResourcesBuildPhase section */
		C9BC087D222CEE8C0025F2A5 /* Resources */ = {
			isa = PBXResourcesBuildPhase;
			buildActionMask = 2147483647;
			files = (
				C9BC088D222CEE8F0025F2A5 /* LaunchScreen.storyboard in Resources */,
				C9BC088A222CEE8F0025F2A5 /* Assets.xcassets in Resources */,
				C9BC0888222CEE8C0025F2A5 /* Main.storyboard in Resources */,
			);
			runOnlyForDeploymentPostprocessing = 0;
		};
/* End PBXResourcesBuildPhase section */

/* Begin PBXSourcesBuildPhase section */
		C9BC087B222CEE8C0025F2A5 /* Sources */ = {
			isa = PBXSourcesBuildPhase;
			buildActionMask = 2147483647;
			files = (
				C9BC08A0222CF8470025F2A5 /* ARViewController.swift in Sources */,
				C9BC08A222308A3C0025F2A5 /* PurchaseController.swift in Sources */,
				C9BC089C222CF8190025F2A5 /* ProfileController.swift in Sources */,
				C9BC089E222CF83B0025F2A5 /* PictureViewController.swift in Sources */,
				C9BC0883222CEE8C0025F2A5 /* AppDelegate.swift in Sources */,
				C9BC0898222CF7EE0025F2A5 /* SearchController.swift in Sources */,
				C9BC089A222CF8060025F2A5 /* UploadController.swift in Sources */,
			);
			runOnlyForDeploymentPostprocessing = 0;
		};
/* End PBXSourcesBuildPhase section */

/* Begin PBXVariantGroup section */
		C9BC0886222CEE8C0025F2A5 /* Main.storyboard */ = {
			isa = PBXVariantGroup;
			children = (
				C9BC0887222CEE8C0025F2A5 /* Base */,
			);
			name = Main.storyboard;
			sourceTree = "<group>";
		};
		C9BC088B222CEE8F0025F2A5 /* LaunchScreen.storyboard */ = {
			isa = PBXVariantGroup;
			children = (
				C9BC088C222CEE8F0025F2A5 /* Base */,
			);
			name = LaunchScreen.storyboard;
			sourceTree = "<group>";
		};
/* End PBXVariantGroup section */

/* Begin XCBuildConfiguration section */
		C9BC088F222CEE8F0025F2A5 /* Debug */ = {
			isa = XCBuildConfiguration;
			buildSettings = {
				ALWAYS_SEARCH_USER_PATHS = NO;
				CLANG_ANALYZER_NONNULL = YES;
				CLANG_ANALYZER_NUMBER_OBJECT_CONVERSION = YES_AGGRESSIVE;
				CLANG_CXX_LANGUAGE_STANDARD = "gnu++14";
				CLANG_CXX_LIBRARY = "libc++";
				CLANG_ENABLE_MODULES = YES;
				CLANG_ENABLE_OBJC_ARC = YES;
				CLANG_ENABLE_OBJC_WEAK = YES;
				CLANG_WARN_BLOCK_CAPTURE_AUTORELEASING = YES;
				CLANG_WARN_BOOL_CONVERSION = YES;
				CLANG_WARN_COMMA = YES;
				CLANG_WARN_CONSTANT_CONVERSION = YES;
				CLANG_WARN_DEPRECATED_OBJC_IMPLEMENTATIONS = YES;
				CLANG_WARN_DIRECT_OBJC_ISA_USAGE = YES_ERROR;
				CLANG_WARN_DOCUMENTATION_COMMENTS = YES;
				CLANG_WARN_EMPTY_BODY = YES;
				CLANG_WARN_ENUM_CONVERSION = YES;
				CLANG_WARN_INFINITE_RECURSION = YES;
				CLANG_WARN_INT_CONVERSION = YES;
				CLANG_WARN_NON_LITERAL_NULL_CONVERSION = YES;
				CLANG_WARN_OBJC_IMPLICIT_RETAIN_SELF = YES;
				CLANG_WARN_OBJC_LITERAL_CONVERSION = YES;
				CLANG_WARN_OBJC_ROOT_CLASS = YES_ERROR;
				CLANG_WARN_RANGE_LOOP_ANALYSIS = YES;
				CLANG_WARN_STRICT_PROTOTYPES = YES;
				CLANG_WARN_SUSPICIOUS_MOVE = YES;
				CLANG_WARN_UNGUARDED_AVAILABILITY = YES_AGGRESSIVE;
				CLANG_WARN_UNREACHABLE_CODE = YES;
				CLANG_WARN__DUPLICATE_METHOD_MATCH = YES;
				CODE_SIGN_IDENTITY = "iPhone Developer";
				COPY_PHASE_STRIP = NO;
				DEBUG_INFORMATION_FORMAT = dwarf;
				ENABLE_STRICT_OBJC_MSGSEND = YES;
				ENABLE_TESTABILITY = YES;
				GCC_C_LANGUAGE_STANDARD = gnu11;
				GCC_DYNAMIC_NO_PIC = NO;
				GCC_NO_COMMON_BLOCKS = YES;
				GCC_OPTIMIZATION_LEVEL = 0;
				GCC_PREPROCESSOR_DEFINITIONS = (
					"DEBUG=1",
					"$(inherited)",
				);
				GCC_WARN_64_TO_32_BIT_CONVERSION = YES;
				GCC_WARN_ABOUT_RETURN_TYPE = YES_ERROR;
				GCC_WARN_UNDECLARED_SELECTOR = YES;
				GCC_WARN_UNINITIALIZED_AUTOS = YES_AGGRESSIVE;
				GCC_WARN_UNUSED_FUNCTION = YES;
				GCC_WARN_UNUSED_VARIABLE = YES;
				IPHONEOS_DEPLOYMENT_TARGET = 12.1;
				MTL_ENABLE_DEBUG_INFO = INCLUDE_SOURCE;
				MTL_FAST_MATH = YES;
				ONLY_ACTIVE_ARCH = YES;
				SDKROOT = iphoneos;
				SWIFT_ACTIVE_COMPILATION_CONDITIONS = DEBUG;
				SWIFT_OPTIMIZATION_LEVEL = "-Onone";
			};
			name = Debug;
		};
		C9BC0890222CEE8F0025F2A5 /* Release */ = {
			isa = XCBuildConfiguration;
			buildSettings = {
				ALWAYS_SEARCH_USER_PATHS = NO;
				CLANG_ANALYZER_NONNULL = YES;
				CLANG_ANALYZER_NUMBER_OBJECT_CONVERSION = YES_AGGRESSIVE;
				CLANG_CXX_LANGUAGE_STANDARD = "gnu++14";
				CLANG_CXX_LIBRARY = "libc++";
				CLANG_ENABLE_MODULES = YES;
				CLANG_ENABLE_OBJC_ARC = YES;
				CLANG_ENABLE_OBJC_WEAK = YES;
				CLANG_WARN_BLOCK_CAPTURE_AUTORELEASING = YES;
				CLANG_WARN_BOOL_CONVERSION = YES;
				CLANG_WARN_COMMA = YES;
				CLANG_WARN_CONSTANT_CONVERSION = YES;
				CLANG_WARN_DEPRECATED_OBJC_IMPLEMENTATIONS = YES;
				CLANG_WARN_DIRECT_OBJC_ISA_USAGE = YES_ERROR;
				CLANG_WARN_DOCUMENTATION_COMMENTS = YES;
				CLANG_WARN_EMPTY_BODY = YES;
				CLANG_WARN_ENUM_CONVERSION = YES;
				CLANG_WARN_INFINITE_RECURSION = YES;
				CLANG_WARN_INT_CONVERSION = YES;
				CLANG_WARN_NON_LITERAL_NULL_CONVERSION = YES;
				CLANG_WARN_OBJC_IMPLICIT_RETAIN_SELF = YES;
				CLANG_WARN_OBJC_LITERAL_CONVERSION = YES;
				CLANG_WARN_OBJC_ROOT_CLASS = YES_ERROR;
				CLANG_WARN_RANGE_LOOP_ANALYSIS = YES;
				CLANG_WARN_STRICT_PROTOTYPES = YES;
				CLANG_WARN_SUSPICIOUS_MOVE = YES;
				CLANG_WARN_UNGUARDED_AVAILABILITY = YES_AGGRESSIVE;
				CLANG_WARN_UNREACHABLE_CODE = YES;
				CLANG_WARN__DUPLICATE_METHOD_MATCH = YES;
				CODE_SIGN_IDENTITY = "iPhone Developer";
				COPY_PHASE_STRIP = NO;
				DEBUG_INFORMATION_FORMAT = "dwarf-with-dsym";
				ENABLE_NS_ASSERTIONS = NO;
				ENABLE_STRICT_OBJC_MSGSEND = YES;
				GCC_C_LANGUAGE_STANDARD = gnu11;
				GCC_NO_COMMON_BLOCKS = YES;
				GCC_WARN_64_TO_32_BIT_CONVERSION = YES;
				GCC_WARN_ABOUT_RETURN_TYPE = YES_ERROR;
				GCC_WARN_UNDECLARED_SELECTOR = YES;
				GCC_WARN_UNINITIALIZED_AUTOS = YES_AGGRESSIVE;
				GCC_WARN_UNUSED_FUNCTION = YES;
				GCC_WARN_UNUSED_VARIABLE = YES;
				IPHONEOS_DEPLOYMENT_TARGET = 12.1;
				MTL_ENABLE_DEBUG_INFO = NO;
				MTL_FAST_MATH = YES;
				SDKROOT = iphoneos;
				SWIFT_COMPILATION_MODE = wholemodule;
				SWIFT_OPTIMIZATION_LEVEL = "-O";
				VALIDATE_PRODUCT = YES;
			};
			name = Release;
		};
		C9BC0892222CEE8F0025F2A5 /* Debug */ = {
			isa = XCBuildConfiguration;
			buildSettings = {
				ASSETCATALOG_COMPILER_APPICON_NAME = AppIcon;
				CODE_SIGN_STYLE = Automatic;
				DEVELOPMENT_TEAM = 7T2LH9BP6J;
				INFOPLIST_FILE = Augma/Info.plist;
				LD_RUNPATH_SEARCH_PATHS = (
					"$(inherited)",
					"@executable_path/Frameworks",
				);
				PRODUCT_BUNDLE_IDENTIFIER = com.ChaseApps.Augma;
				PRODUCT_NAME = "$(TARGET_NAME)";
				SWIFT_VERSION = 4.2;
				TARGETED_DEVICE_FAMILY = "1,2";
			};
			name = Debug;
		};
		C9BC0893222CEE8F0025F2A5 /* Release */ = {
			isa = XCBuildConfiguration;
			buildSettings = {
				ASSETCATALOG_COMPILER_APPICON_NAME = AppIcon;
				CODE_SIGN_STYLE = Automatic;
				DEVELOPMENT_TEAM = 7T2LH9BP6J;
				INFOPLIST_FILE = Augma/Info.plist;
				LD_RUNPATH_SEARCH_PATHS = (
					"$(inherited)",
					"@executable_path/Frameworks",
				);
				PRODUCT_BUNDLE_IDENTIFIER = com.ChaseApps.Augma;
				PRODUCT_NAME = "$(TARGET_NAME)";
				SWIFT_VERSION = 4.2;
				TARGETED_DEVICE_FAMILY = "1,2";
			};
			name = Release;
		};
/* End XCBuildConfiguration section */

/* Begin XCConfigurationList section */
		C9BC087A222CEE8C0025F2A5 /* Build configuration list for PBXProject "Augma" */ = {
			isa = XCConfigurationList;
			buildConfigurations = (
				C9BC088F222CEE8F0025F2A5 /* Debug */,
				C9BC0890222CEE8F0025F2A5 /* Release */,
			);
			defaultConfigurationIsVisible = 0;
			defaultConfigurationName = Release;
		};
		C9BC0891222CEE8F0025F2A5 /* Build configuration list for PBXNativeTarget "Augma" */ = {
			isa = XCConfigurationList;
			buildConfigurations = (
				C9BC0892222CEE8F0025F2A5 /* Debug */,
				C9BC0893222CEE8F0025F2A5 /* Release */,
			);
			defaultConfigurationIsVisible = 0;
			defaultConfigurationName = Release;
		};
/* End XCConfigurationList section */
	};
	rootObject = C9BC0877222CEE8C0025F2A5 /* Project object */;
}
